version: 2.0
shards:
  ameba:
    git: https://github.com/crystal-ameba/ameba.git
    version: 1.7.0

  cvss:
    git: https://github.com/hahwul/cvss.cr.git
    version: 0.3.0

  db:
    git: https://github.com/crystal-lang/crystal-db.git
    version: 0.14.0

  sarif:
    git: https://github.com/hahwul/sarif.cr.git
    version: 0.2.0

  sqlite3:
    git: https://github.com/crystal-lang/crystal-sqlite3.git
    version: 0.23.0

  termisu:
    git: https://github.com/hahwul/termisu.git
    version: 0.6.3+git.commit.ca964e5f9256990d9d1e6aa5ca3aa1fb2635fb6b

